
Microsoft Visual Studio Solution File, Format Version 12.00
# Visual Studio Version 17
VisualStudioVersion = 17.6.33829.357
MinimumVisualStudioVersion = 10.0.40219.1
Project("{FAE04EC0-301F-11D3-BF4B-00C04F79EFBC}") = "LoginScreen", "LoginScreen.csproj", "{1E1AE615-4E49-4E2A-8C67-7AE426E65342}"
EndProject
Global
	GlobalSection(SolutionConfigurationPlatforms) = preSolution
		Debug|Any CPU = Debug|Any CPU
		Release|Any CPU = Release|Any CPU
	EndGlobalSection
	GlobalSection(ProjectConfigurationPlatforms) = postSolution
		{1E1AE615-4E49-4E2A-8C67-7AE426E65342}.Debug|Any CPU.ActiveCfg = Debug|Any CPU
		{1E1AE615-4E49-4E2A-8C67-7AE426E65342}.Debug|Any CPU.Build.0 = Debug|Any CPU
		{1E1AE615-4E49-4E2A-8C67-7AE426E65342}.Release|Any CPU.ActiveCfg = Release|Any CPU
		{1E1AE615-4E49-4E2A-8C67-7AE426E65342}.Release|Any CPU.Build.0 = Release|Any CPU
	EndGlobalSection
	GlobalSection(SolutionProperties) = preSolution
		HideSolutionNode = FALSE
	EndGlobalSection
	GlobalSection(ExtensibilityGlobals) = postSolution
		SolutionGuid = {F4A09828-E56E-4080-B82D-58BF3E62D58B}
	EndGlobalSection
EndGlobal
